
Microsoft Visual Studio Solution File, Format Version 12.00
# Visual Studio 15
VisualStudioVersion = 15.0.28307.645
MinimumVisualStudioVersion = 10.0.40219.1
Project("{FAE04EC0-301F-11D3-BF4B-00C04F79EFBC}") = "WindowsFormsApp27", "WindowsFormsApp27\WindowsFormsApp27.csproj", "{21B1E0C9-DB32-49A1-ABDB-801C1E1564E2}"
EndProject
Global
	GlobalSection(SolutionConfigurationPlatforms) = preSolution
		Debug|Any CPU = Debug|Any CPU
		Release|Any CPU = Release|Any CPU
	EndGlobalSection
	GlobalSection(ProjectConfigurationPlatforms) = postSolution
		{21B1E0C9-DB32-49A1-ABDB-801C1E1564E2}.Debug|Any CPU.ActiveCfg = Debug|Any CPU
		{21B1E0C9-DB32-49A1-ABDB-801C1E1564E2}.Debug|Any CPU.Build.0 = Debug|Any CPU
		{21B1E0C9-DB32-49A1-ABDB-801C1E1564E2}.Release|Any CPU.ActiveCfg = Release|Any CPU
		{21B1E0C9-DB32-49A1-ABDB-801C1E1564E2}.Release|Any CPU.Build.0 = Release|Any CPU
	EndGlobalSection
	GlobalSection(SolutionProperties) = preSolution
		HideSolutionNode = FALSE
	EndGlobalSection
	GlobalSection(ExtensibilityGlobals) = postSolution
		SolutionGuid = {10B9A341-C6F2-4A8D-935E-46D9984181F3}
	EndGlobalSection
EndGlobal
